<?xml version="1.0" encoding="utf-8"?>
<Project ToolsVersion="4.0" xmlns="http://schemas.microsoft.com/developer/msbuild/2003">
  <ItemGroup>
    <Filter Include="Source">
      <UniqueIdentifier>{b9443c44-182e-4518-8613-144cab1d271f}</UniqueIdentifier>
    </Filter>
    <Filter Include="Shaders">
      <UniqueIdentifier>{4f3bb009-61af-4f84-92cc-c0bfe3cb4cc4}</UniqueIdentifier>
    </Filter>
    <Filter Include="Shaders\public">
      <UniqueIdentifier>{7bf78680-cc4d-494b-b36e-1b23624fbcd3}</UniqueIdentifier>
    </Filter>
    <Filter Include="Shaders\private">
      <UniqueIdentifier>{d843d153-e914-47d2-98a3-9840a3ce40e2}</UniqueIdentifier>
    </Filter>
    <Filter Include="Source\RenderWindows">
      <UniqueIdentifier>{aa0d92d3-42f4-4814-9416-085e519f7c28}</UniqueIdentifier>
    </Filter>
    <Filter Include="Source\scene">
      <UniqueIdentifier>{8bca5b42-cd15-4913-ac49-564420f0e10f}</UniqueIdentifier>
    </Filter>
    <Filter Include="Source\Utils">
      <UniqueIdentifier>{888c2c20-432a-45d6-a589-8fc474ea30ab}</UniqueIdentifier>
    </Filter>
    <Filter Include="Source\GLRenderContext">
      <UniqueIdentifier>{2daa89d8-8203-41ec-bf6c-2b74d40350fe}</UniqueIdentifier>
    </Filter>
  </ItemGroup>
  <ItemGroup>
    <ClCompile Include="Source\RenderWindows\MainRenderWin.cpp">
      <Filter>Source\RenderWindows</Filter>
    </ClCompile>
    <ClCompile Include="Source\scene\scene.cpp">
      <Filter>Source\scene</Filter>
    </ClCompile>
    <ClCompile Include="Source\Utils\Utils.cpp">
      <Filter>Source\Utils</Filter>
    </ClCompile>
  </ItemGroup>
  <ItemGroup>
    <ClInclude Include="Source\GLRenderContext\GLRenderContext.h">
      <Filter>Source\GLRenderContext</Filter>
    </ClInclude>
    <ClInclude Include="Source\scene\scene.h">
      <Filter>Source\scene</Filter>
    </ClInclude>
    <ClInclude Include="Source\Utils\Utils.h">
      <Filter>Source\Utils</Filter>
    </ClInclude>
  </ItemGroup>
</Project>